
Microsoft Visual Studio Solution File, Format Version 12.00
# Visual Studio 15
VisualStudioVersion = 15.0.26124.0
MinimumVisualStudioVersion = 15.0.26124.0
Project("{2150E333-8FDC-42A3-9474-1A3956D46DE8}") = "src", "src", "{A2991F4E-1156-4C71-8A9F-184ADD6D917B}"
EndProject
Project("{FAE04EC0-301F-11D3-BF4B-00C04F79EFBC}") = "Dapr.HttpClient", "src\Dapr.HttpClient\Dapr.HttpClient.csproj", "{6BF0DA2B-30D0-40BD-BB42-70E40AE9071C}"
EndProject
Project("{2150E333-8FDC-42A3-9474-1A3956D46DE8}") = "samples", "samples", "{83852706-C916-4657-8E44-FFE494227DB4}"
EndProject
Project("{FAE04EC0-301F-11D3-BF4B-00C04F79EFBC}") = "BankApp", "samples\BankApp\BankApp.csproj", "{AE66217F-0271-4025-8D3C-E089DAF0AD8A}"
EndProject
Project("{FAE04EC0-301F-11D3-BF4B-00C04F79EFBC}") = "BankClient", "samples\BankClient\BankClient.csproj", "{C91C771C-6606-499B-BDD8-A1534127E475}"
EndProject
Global
	GlobalSection(SolutionConfigurationPlatforms) = preSolution
		Debug|Any CPU = Debug|Any CPU
		Debug|x64 = Debug|x64
		Debug|x86 = Debug|x86
		Release|Any CPU = Release|Any CPU
		Release|x64 = Release|x64
		Release|x86 = Release|x86
	EndGlobalSection
	GlobalSection(SolutionProperties) = preSolution
		HideSolutionNode = FALSE
	EndGlobalSection
	GlobalSection(ProjectConfigurationPlatforms) = postSolution
		{6BF0DA2B-30D0-40BD-BB42-70E40AE9071C}.Debug|Any CPU.ActiveCfg = Debug|Any CPU
		{6BF0DA2B-30D0-40BD-BB42-70E40AE9071C}.Debug|Any CPU.Build.0 = Debug|Any CPU
		{6BF0DA2B-30D0-40BD-BB42-70E40AE9071C}.Debug|x64.ActiveCfg = Debug|Any CPU
		{6BF0DA2B-30D0-40BD-BB42-70E40AE9071C}.Debug|x64.Build.0 = Debug|Any CPU
		{6BF0DA2B-30D0-40BD-BB42-70E40AE9071C}.Debug|x86.ActiveCfg = Debug|Any CPU
		{6BF0DA2B-30D0-40BD-BB42-70E40AE9071C}.Debug|x86.Build.0 = Debug|Any CPU
		{6BF0DA2B-30D0-40BD-BB42-70E40AE9071C}.Release|Any CPU.ActiveCfg = Release|Any CPU
		{6BF0DA2B-30D0-40BD-BB42-70E40AE9071C}.Release|Any CPU.Build.0 = Release|Any CPU
		{6BF0DA2B-30D0-40BD-BB42-70E40AE9071C}.Release|x64.ActiveCfg = Release|Any CPU
		{6BF0DA2B-30D0-40BD-BB42-70E40AE9071C}.Release|x64.Build.0 = Release|Any CPU
		{6BF0DA2B-30D0-40BD-BB42-70E40AE9071C}.Release|x86.ActiveCfg = Release|Any CPU
		{6BF0DA2B-30D0-40BD-BB42-70E40AE9071C}.Release|x86.Build.0 = Release|Any CPU
		{AE66217F-0271-4025-8D3C-E089DAF0AD8A}.Debug|Any CPU.ActiveCfg = Debug|Any CPU
		{AE66217F-0271-4025-8D3C-E089DAF0AD8A}.Debug|Any CPU.Build.0 = Debug|Any CPU
		{AE66217F-0271-4025-8D3C-E089DAF0AD8A}.Debug|x64.ActiveCfg = Debug|Any CPU
		{AE66217F-0271-4025-8D3C-E089DAF0AD8A}.Debug|x64.Build.0 = Debug|Any CPU
		{AE66217F-0271-4025-8D3C-E089DAF0AD8A}.Debug|x86.ActiveCfg = Debug|Any CPU
		{AE66217F-0271-4025-8D3C-E089DAF0AD8A}.Debug|x86.Build.0 = Debug|Any CPU
		{AE66217F-0271-4025-8D3C-E089DAF0AD8A}.Release|Any CPU.ActiveCfg = Release|Any CPU
		{AE66217F-0271-4025-8D3C-E089DAF0AD8A}.Release|Any CPU.Build.0 = Release|Any CPU
		{AE66217F-0271-4025-8D3C-E089DAF0AD8A}.Release|x64.ActiveCfg = Release|Any CPU
		{AE66217F-0271-4025-8D3C-E089DAF0AD8A}.Release|x64.Build.0 = Release|Any CPU
		{AE66217F-0271-4025-8D3C-E089DAF0AD8A}.Release|x86.ActiveCfg = Release|Any CPU
		{AE66217F-0271-4025-8D3C-E089DAF0AD8A}.Release|x86.Build.0 = Release|Any CPU
		{C91C771C-6606-499B-BDD8-A1534127E475}.Debug|Any CPU.ActiveCfg = Debug|Any CPU
		{C91C771C-6606-499B-BDD8-A1534127E475}.Debug|Any CPU.Build.0 = Debug|Any CPU
		{C91C771C-6606-499B-BDD8-A1534127E475}.Debug|x64.ActiveCfg = Debug|Any CPU
		{C91C771C-6606-499B-BDD8-A1534127E475}.Debug|x64.Build.0 = Debug|Any CPU
		{C91C771C-6606-499B-BDD8-A1534127E475}.Debug|x86.ActiveCfg = Debug|Any CPU
		{C91C771C-6606-499B-BDD8-A1534127E475}.Debug|x86.Build.0 = Debug|Any CPU
		{C91C771C-6606-499B-BDD8-A1534127E475}.Release|Any CPU.ActiveCfg = Release|Any CPU
		{C91C771C-6606-499B-BDD8-A1534127E475}.Release|Any CPU.Build.0 = Release|Any CPU
		{C91C771C-6606-499B-BDD8-A1534127E475}.Release|x64.ActiveCfg = Release|Any CPU
		{C91C771C-6606-499B-BDD8-A1534127E475}.Release|x64.Build.0 = Release|Any CPU
		{C91C771C-6606-499B-BDD8-A1534127E475}.Release|x86.ActiveCfg = Release|Any CPU
		{C91C771C-6606-499B-BDD8-A1534127E475}.Release|x86.Build.0 = Release|Any CPU
	EndGlobalSection
	GlobalSection(NestedProjects) = preSolution
		{6BF0DA2B-30D0-40BD-BB42-70E40AE9071C} = {A2991F4E-1156-4C71-8A9F-184ADD6D917B}
		{AE66217F-0271-4025-8D3C-E089DAF0AD8A} = {83852706-C916-4657-8E44-FFE494227DB4}
		{C91C771C-6606-499B-BDD8-A1534127E475} = {83852706-C916-4657-8E44-FFE494227DB4}
	EndGlobalSection
EndGlobal
